
Microsoft Visual Studio Solution File, Format Version 12.00
# Visual Studio 2015
Project("{FAE04EC0-301F-11D3-BF4B-00C04F79EFBC}") = "Last_project", "Last_project.csproj", "{08B69448-280C-561C-34CC-64A557D34F76}"
EndProject
Project("{FAE04EC0-301F-11D3-BF4B-00C04F79EFBC}") = "Last_project.Editor", "Last_project.Editor.csproj", "{59944F65-64AB-7C03-2A5A-742A36E28491}"
EndProject
Global
	GlobalSection(SolutionConfigurationPlatforms) = preSolution
		Debug|Any CPU = Debug|Any CPU
		Release|Any CPU = Release|Any CPU
	EndGlobalSection
	GlobalSection(ProjectConfigurationPlatforms) = postSolution
		{08B69448-280C-561C-34CC-64A557D34F76}.Debug|Any CPU.ActiveCfg = Debug|Any CPU
		{08B69448-280C-561C-34CC-64A557D34F76}.Debug|Any CPU.Build.0 = Debug|Any CPU
		{08B69448-280C-561C-34CC-64A557D34F76}.Release|Any CPU.ActiveCfg = Release|Any CPU
		{08B69448-280C-561C-34CC-64A557D34F76}.Release|Any CPU.Build.0 = Release|Any CPU
		{59944F65-64AB-7C03-2A5A-742A36E28491}.Debug|Any CPU.ActiveCfg = Debug|Any CPU
		{59944F65-64AB-7C03-2A5A-742A36E28491}.Debug|Any CPU.Build.0 = Debug|Any CPU
		{59944F65-64AB-7C03-2A5A-742A36E28491}.Release|Any CPU.ActiveCfg = Release|Any CPU
		{59944F65-64AB-7C03-2A5A-742A36E28491}.Release|Any CPU.Build.0 = Release|Any CPU
	EndGlobalSection
	GlobalSection(SolutionProperties) = preSolution
		HideSolutionNode = FALSE
	EndGlobalSection
EndGlobal
