
Microsoft Visual Studio Solution File, Format Version 12.00
# Visual Studio 2017
Project("{FAE04EC0-301F-11D3-BF4B-00C04F79EFBC}") = "MemoryLane - 복사본", "MemoryLane - 복사본.csproj", "{B5D26031-C8E0-0E26-2FC2-A13E3F4B4128}"
EndProject
Global
	GlobalSection(SolutionConfigurationPlatforms) = preSolution
		Debug|Any CPU = Debug|Any CPU
		Release|Any CPU = Release|Any CPU
	EndGlobalSection
	GlobalSection(ProjectConfigurationPlatforms) = postSolution
		{B5D26031-C8E0-0E26-2FC2-A13E3F4B4128}.Debug|Any CPU.ActiveCfg = Debug|Any CPU
		{B5D26031-C8E0-0E26-2FC2-A13E3F4B4128}.Debug|Any CPU.Build.0 = Debug|Any CPU
		{B5D26031-C8E0-0E26-2FC2-A13E3F4B4128}.Release|Any CPU.ActiveCfg = Release|Any CPU
		{B5D26031-C8E0-0E26-2FC2-A13E3F4B4128}.Release|Any CPU.Build.0 = Release|Any CPU
	EndGlobalSection
	GlobalSection(SolutionProperties) = preSolution
		HideSolutionNode = FALSE
	EndGlobalSection
EndGlobal
