
Microsoft Visual Studio Solution File, Format Version 11.00
# Visual Studio 2010
Project("{FAE04EC0-301F-11D3-BF4B-00C04F79EFBC}") = "SpaceShooter1", "Assembly-CSharp-firstpass.csproj", "{814A0B5A-8F1D-568F-70F3-77765893D8FA}"
EndProject
Project("{FAE04EC0-301F-11D3-BF4B-00C04F79EFBC}") = "SpaceShooter1", "Assembly-CSharp.csproj", "{B205FDBF-2B4B-1A37-ED07-1FB43542EACA}"
EndProject
Project("{FAE04EC0-301F-11D3-BF4B-00C04F79EFBC}") = "SpaceShooter1", "Assembly-CSharp-Editor-firstpass.csproj", "{B72053B4-0759-16A2-8A3D-4CBB45561BE7}"
EndProject
Global
	GlobalSection(SolutionConfigurationPlatforms) = preSolution
		Debug|Any CPU = Debug|Any CPU
		Release|Any CPU = Release|Any CPU
	EndGlobalSection
	GlobalSection(ProjectConfigurationPlatforms) = postSolution
		{814A0B5A-8F1D-568F-70F3-77765893D8FA}.Debug|Any CPU.ActiveCfg = Debug|Any CPU
		{814A0B5A-8F1D-568F-70F3-77765893D8FA}.Debug|Any CPU.Build.0 = Debug|Any CPU
		{814A0B5A-8F1D-568F-70F3-77765893D8FA}.Release|Any CPU.ActiveCfg = Release|Any CPU
		{814A0B5A-8F1D-568F-70F3-77765893D8FA}.Release|Any CPU.Build.0 = Release|Any CPU
		{B205FDBF-2B4B-1A37-ED07-1FB43542EACA}.Debug|Any CPU.ActiveCfg = Debug|Any CPU
		{B205FDBF-2B4B-1A37-ED07-1FB43542EACA}.Debug|Any CPU.Build.0 = Debug|Any CPU
		{B205FDBF-2B4B-1A37-ED07-1FB43542EACA}.Release|Any CPU.ActiveCfg = Release|Any CPU
		{B205FDBF-2B4B-1A37-ED07-1FB43542EACA}.Release|Any CPU.Build.0 = Release|Any CPU
		{B72053B4-0759-16A2-8A3D-4CBB45561BE7}.Debug|Any CPU.ActiveCfg = Debug|Any CPU
		{B72053B4-0759-16A2-8A3D-4CBB45561BE7}.Debug|Any CPU.Build.0 = Debug|Any CPU
		{B72053B4-0759-16A2-8A3D-4CBB45561BE7}.Release|Any CPU.ActiveCfg = Release|Any CPU
		{B72053B4-0759-16A2-8A3D-4CBB45561BE7}.Release|Any CPU.Build.0 = Release|Any CPU
	EndGlobalSection
	GlobalSection(SolutionProperties) = preSolution
		HideSolutionNode = FALSE
	EndGlobalSection
	GlobalSection(MonoDevelopProperties) = preSolution
		StartupItem = Assembly-CSharp.csproj
	EndGlobalSection
EndGlobal
